// !$*UTF8*$!
{
	archiveVersion = 1;
	classes = {
	};
	objectVersion = 56;
	objects = {

/* Begin PBXBuildFile section */
		5529E8A72BB34B6C00061206 /* AppDelegate.swift in Sources */ = {isa = PBXBuildFile; fileRef = 5529E8A62BB34B6C00061206 /* AppDelegate.swift */; };
		5529E8A92BB34B6C00061206 /* SceneDelegate.swift in Sources */ = {isa = PBXBuildFile; fileRef = 5529E8A82BB34B6C00061206 /* SceneDelegate.swift */; };
		5529E8AB2BB34B6C00061206 /* ViewController.swift in Sources */ = {isa = PBXBuildFile; fileRef = 5529E8AA2BB34B6C00061206 /* ViewController.swift */; };
		5529E8AE2BB34B6C00061206 /* Base in Resources */ = {isa = PBXBuildFile; fileRef = 5529E8AD2BB34B6C00061206 /* Base */; };
		5529E8B02BB34B6C00061206 /* Assets.xcassets in Resources */ = {isa = PBXBuildFile; fileRef = 5529E8AF2BB34B6C00061206 /* Assets.xcassets */; };
		5529E8B32BB34B6C00061206 /* Base in Resources */ = {isa = PBXBuildFile; fileRef = 5529E8B22BB34B6C00061206 /* Base */; };
		5529E8BE2BB34B6D00061206 /* i_am_poorTests.swift in Sources */ = {isa = PBXBuildFile; fileRef = 5529E8BD2BB34B6D00061206 /* i_am_poorTests.swift */; };
		5529E8C82BB34B6D00061206 /* i_am_poorUITests.swift in Sources */ = {isa = PBXBuildFile; fileRef = 5529E8C72BB34B6D00061206 /* i_am_poorUITests.swift */; };
		5529E8CA2BB34B6D00061206 /* i_am_poorUITestsLaunchTests.swift in Sources */ = {isa = PBXBuildFile; fileRef = 5529E8C92BB34B6D00061206 /* i_am_poorUITestsLaunchTests.swift */; };
/* End PBXBuildFile section */

/* Begin PBXContainerItemProxy section */
		5529E8BA2BB34B6D00061206 /* PBXContainerItemProxy */ = {
			isa = PBXContainerItemProxy;
			containerPortal = 5529E89B2BB34B6C00061206 /* Project object */;
			proxyType = 1;
			remoteGlobalIDString = 5529E8A22BB34B6C00061206;
			remoteInfo = "i am poor";
		};
		5529E8C42BB34B6D00061206 /* PBXContainerItemProxy */ = {
			isa = PBXContainerItemProxy;
			containerPortal = 5529E89B2BB34B6C00061206 /* Project object */;
			proxyType = 1;
			remoteGlobalIDString = 5529E8A22BB34B6C00061206;
			remoteInfo = "i am poor";
		};
/* End PBXContainerItemProxy section */

/* Begin PBXFileReference section */
		5529E8A32BB34B6C00061206 /* i am poor.app */ = {isa = PBXFileReference; explicitFileType = wrapper.application; includeInIndex = 0; path = "i am poor.app"; sourceTree = BUILT_PRODUCTS_DIR; };
		5529E8A62BB34B6C00061206 /* AppDelegate.swift */ = {isa = PBXFileReference; lastKnownFileType = sourcecode.swift; path = AppDelegate.swift; sourceTree = "<group>"; };
		5529E8A82BB34B6C00061206 /* SceneDelegate.swift */ = {isa = PBXFileReference; lastKnownFileType = sourcecode.swift; path = SceneDelegate.swift; sourceTree = "<group>"; };
		5529E8AA2BB34B6C00061206 /* ViewController.swift */ = {isa = PBXFileReference; lastKnownFileType = sourcecode.swift; path = ViewController.swift; sourceTree = "<group>"; };
		5529E8AD2BB34B6C00061206 /* Base */ = {isa = PBXFileReference; lastKnownFileType = file.storyboard; name = Base; path = Base.lproj/Main.storyboard; sourceTree = "<group>"; };
		5529E8AF2BB34B6C00061206 /* Assets.xcassets */ = {isa = PBXFileReference; lastKnownFileType = folder.assetcatalog; path = Assets.xcassets; sourceTree = "<group>"; };
		5529E8B22BB34B6C00061206 /* Base */ = {isa = PBXFileReference; lastKnownFileType = file.storyboard; name = Base; path = Base.lproj/LaunchScreen.storyboard; sourceTree = "<group>"; };
		5529E8B42BB34B6C00061206 /* Info.plist */ = {isa = PBXFileReference; lastKnownFileType = text.plist.xml; path = Info.plist; sourceTree = "<group>"; };
		5529E8B92BB34B6D00061206 /* i am poorTests.xctest */ = {isa = PBXFileReference; explicitFileType = wrapper.cfbundle; includeInIndex = 0; path = "i am poorTests.xctest"; sourceTree = BUILT_PRODUCTS_DIR; };
		5529E8BD2BB34B6D00061206 /* i_am_poorTests.swift */ = {isa = PBXFileReference; lastKnownFileType = sourcecode.swift; path = i_am_poorTests.swift; sourceTree = "<group>"; };
		5529E8C32BB34B6D00061206 /* i am poorUITests.xctest */ = {isa = PBXFileReference; explicitFileType = wrapper.cfbundle; includeInIndex = 0; path = "i am poorUITests.xctest"; sourceTree = BUILT_PRODUCTS_DIR; };
		5529E8C72BB34B6D00061206 /* i_am_poorUITests.swift */ = {isa = PBXFileReference; lastKnownFileType = sourcecode.swift; path = i_am_poorUITests.swift; sourceTree = "<group>"; };
		5529E8C92BB34B6D00061206 /* i_am_poorUITestsLaunchTests.swift */ = {isa = PBXFileReference; lastKnownFileType = sourcecode.swift; path = i_am_poorUITestsLaunchTests.swift; sourceTree = "<group>"; };
/* End PBXFileReference section */

/* Begin PBXFrameworksBuildPhase section */
		5529E8A02BB34B6C00061206 /* Frameworks */ = {
			isa = PBXFrameworksBuildPhase;
			buildActionMask = 2147483647;
			files = (
			);
			runOnlyForDeploymentPostprocessing = 0;
		};
		5529E8B62BB34B6D00061206 /* Frameworks */ = {
			isa = PBXFrameworksBuildPhase;
			buildActionMask = 2147483647;
			files = (
			);
			runOnlyForDeploymentPostprocessing = 0;
		};
		5529E8C02BB34B6D00061206 /* Frameworks */ = {
			isa = PBXFrameworksBuildPhase;
			buildActionMask = 2147483647;
			files = (
			);
			runOnlyForDeploymentPostprocessing = 0;
		};
/* End PBXFrameworksBuildPhase section */

/* Begin PBXGroup section */
		5529E89A2BB34B6C00061206 = {
			isa = PBXGroup;
			children = (
				5529E8A52BB34B6C00061206 /* i am poor */,
				5529E8BC2BB34B6D00061206 /* i am poorTests */,
				5529E8C62BB34B6D00061206 /* i am poorUITests */,
				5529E8A42BB34B6C00061206 /* Products */,
			);
			sourceTree = "<group>";
		};
		5529E8A42BB34B6C00061206 /* Products */ = {
			isa = PBXGroup;
			children = (
				5529E8A32BB34B6C00061206 /* i am poor.app */,
				5529E8B92BB34B6D00061206 /* i am poorTests.xctest */,
				5529E8C32BB34B6D00061206 /* i am poorUITests.xctest */,
			);
			name = Products;
			sourceTree = "<group>";
		};
		5529E8A52BB34B6C00061206 /* i am poor */ = {
			isa = PBXGroup;
			children = (
				5529E8A62BB34B6C00061206 /* AppDelegate.swift */,
				5529E8A82BB34B6C00061206 /* SceneDelegate.swift */,
				5529E8AA2BB34B6C00061206 /* ViewController.swift */,
				5529E8AC2BB34B6C00061206 /* Main.storyboard */,
				5529E8AF2BB34B6C00061206 /* Assets.xcassets */,
				5529E8B12BB34B6C00061206 /* LaunchScreen.storyboard */,
				5529E8B42BB34B6C00061206 /* Info.plist */,
			);
			path = "i am poor";
			sourceTree = "<group>";
		};
		5529E8BC2BB34B6D00061206 /* i am poorTests */ = {
			isa = PBXGroup;
			children = (
				5529E8BD2BB34B6D00061206 /* i_am_poorTests.swift */,
			);
			path = "i am poorTests";
			sourceTree = "<group>";
		};
		5529E8C62BB34B6D00061206 /* i am poorUITests */ = {
			isa = PBXGroup;
			children = (
				5529E8C72BB34B6D00061206 /* i_am_poorUITests.swift */,
				5529E8C92BB34B6D00061206 /* i_am_poorUITestsLaunchTests.swift */,
			);
			path = "i am poorUITests";
			sourceTree = "<group>";
		};
/* End PBXGroup section */

/* Begin PBXNativeTarget section */
		5529E8A22BB34B6C00061206 /* i am poor */ = {
			isa = PBXNativeTarget;
			buildConfigurationList = 5529E8CD2BB34B6D00061206 /* Build configuration list for PBXNativeTarget "i am poor" */;
			buildPhases = (
				5529E89F2BB34B6C00061206 /* Sources */,
				5529E8A02BB34B6C00061206 /* Frameworks */,
				5529E8A12BB34B6C00061206 /* Resources */,
			);
			buildRules = (
			);
			dependencies = (
			);
			name = "i am poor";
			productName = "i am poor";
			productReference = 5529E8A32BB34B6C00061206 /* i am poor.app */;
			productType = "com.apple.product-type.application";
		};
		5529E8B82BB34B6D00061206 /* i am poorTests */ = {
			isa = PBXNativeTarget;
			buildConfigurationList = 5529E8D02BB34B6D00061206 /* Build configuration list for PBXNativeTarget "i am poorTests" */;
			buildPhases = (
				5529E8B52BB34B6D00061206 /* Sources */,
				5529E8B62BB34B6D00061206 /* Frameworks */,
				5529E8B72BB34B6D00061206 /* Resources */,
			);
			buildRules = (
			);
			dependencies = (
				5529E8BB2BB34B6D00061206 /* PBXTargetDependency */,
			);
			name = "i am poorTests";
			productName = "i am poorTests";
			productReference = 5529E8B92BB34B6D00061206 /* i am poorTests.xctest */;
			productType = "com.apple.product-type.bundle.unit-test";
		};
		5529E8C22BB34B6D00061206 /* i am poorUITests */ = {
			isa = PBXNativeTarget;
			buildConfigurationList = 5529E8D32BB34B6D00061206 /* Build configuration list for PBXNativeTarget "i am poorUITests" */;
			buildPhases = (
				5529E8BF2BB34B6D00061206 /* Sources */,
				5529E8C02BB34B6D00061206 /* Frameworks */,
				5529E8C12BB34B6D00061206 /* Resources */,
			);
			buildRules = (
			);
			dependencies = (
				5529E8C52BB34B6D00061206 /* PBXTargetDependency */,
			);
			name = "i am poorUITests";
			productName = "i am poorUITests";
			productReference = 5529E8C32BB34B6D00061206 /* i am poorUITests.xctest */;
			productType = "com.apple.product-type.bundle.ui-testing";
		};
/* End PBXNativeTarget section */

/* Begin PBXProject section */
		5529E89B2BB34B6C00061206 /* Project object */ = {
			isa = PBXProject;
			attributes = {
				BuildIndependentTargetsInParallel = 1;
				LastSwiftUpdateCheck = 1530;
				LastUpgradeCheck = 1530;
				TargetAttributes = {
					5529E8A22BB34B6C00061206 = {
						CreatedOnToolsVersion = 15.3;
					};
					5529E8B82BB34B6D00061206 = {
						CreatedOnToolsVersion = 15.3;
						TestTargetID = 5529E8A22BB34B6C00061206;
					};
					5529E8C22BB34B6D00061206 = {
						CreatedOnToolsVersion = 15.3;
						TestTargetID = 5529E8A22BB34B6C00061206;
					};
				};
			};
			buildConfigurationList = 5529E89E2BB34B6C00061206 /* Build configuration list for PBXProject "i am poor" */;
			compatibilityVersion = "Xcode 14.0";
			developmentRegion = en;
			hasScannedForEncodings = 0;
			knownRegions = (
				en,
				Base,
			);
			mainGroup = 5529E89A2BB34B6C00061206;
			productRefGroup = 5529E8A42BB34B6C00061206 /* Products */;
			projectDirPath = "";
			projectRoot = "";
			targets = (
				5529E8A22BB34B6C00061206 /* i am poor */,
				5529E8B82BB34B6D00061206 /* i am poorTests */,
				5529E8C22BB34B6D00061206 /* i am poorUITests */,
			);
		};
/* End PBXProject section */

/* Begin PBXResourcesBuildPhase section */
		5529E8A12BB34B6C00061206 /* Resources */ = {
			isa = PBXResourcesBuildPhase;
			buildActionMask = 2147483647;
			files = (
				5529E8B02BB34B6C00061206 /* Assets.xcassets in Resources */,
				5529E8B32BB34B6C00061206 /* Base in Resources */,
				5529E8AE2BB34B6C00061206 /* Base in Resources */,
			);
			runOnlyForDeploymentPostprocessing = 0;
		};
		5529E8B72BB34B6D00061206 /* Resources */ = {
			isa = PBXResourcesBuildPhase;
			buildActionMask = 2147483647;
			files = (
			);
			runOnlyForDeploymentPostprocessing = 0;
		};
		5529E8C12BB34B6D00061206 /* Resources */ = {
			isa = PBXResourcesBuildPhase;
			buildActionMask = 2147483647;
			files = (
			);
			runOnlyForDeploymentPostprocessing = 0;
		};
/* End PBXResourcesBuildPhase section */

/* Begin PBXSourcesBuildPhase section */
		5529E89F2BB34B6C00061206 /* Sources */ = {
			isa = PBXSourcesBuildPhase;
			buildActionMask = 2147483647;
			files = (
				5529E8AB2BB34B6C00061206 /* ViewController.swift in Sources */,
				5529E8A72BB34B6C00061206 /* AppDelegate.swift in Sources */,
				5529E8A92BB34B6C00061206 /* SceneDelegate.swift in Sources */,
			);
			runOnlyForDeploymentPostprocessing = 0;
		};
		5529E8B52BB34B6D00061206 /* Sources */ = {
			isa = PBXSourcesBuildPhase;
			buildActionMask = 2147483647;
			files = (
				5529E8BE2BB34B6D00061206 /* i_am_poorTests.swift in Sources */,
			);
			runOnlyForDeploymentPostprocessing = 0;
		};
		5529E8BF2BB34B6D00061206 /* Sources */ = {
			isa = PBXSourcesBuildPhase;
			buildActionMask = 2147483647;
			files = (
				5529E8CA2BB34B6D00061206 /* i_am_poorUITestsLaunchTests.swift in Sources */,
				5529E8C82BB34B6D00061206 /* i_am_poorUITests.swift in Sources */,
			);
			runOnlyForDeploymentPostprocessing = 0;
		};
/* End PBXSourcesBuildPhase section */

/* Begin PBXTargetDependency section */
		5529E8BB2BB34B6D00061206 /* PBXTargetDependency */ = {
			isa = PBXTargetDependency;
			target = 5529E8A22BB34B6C00061206 /* i am poor */;
			targetProxy = 5529E8BA2BB34B6D00061206 /* PBXContainerItemProxy */;
		};
		5529E8C52BB34B6D00061206 /* PBXTargetDependency */ = {
			isa = PBXTargetDependency;
			target = 5529E8A22BB34B6C00061206 /* i am poor */;
			targetProxy = 5529E8C42BB34B6D00061206 /* PBXContainerItemProxy */;
		};
/* End PBXTargetDependency section */

/* Begin PBXVariantGroup section */
		5529E8AC2BB34B6C00061206 /* Main.storyboard */ = {
			isa = PBXVariantGroup;
			children = (
				5529E8AD2BB34B6C00061206 /* Base */,
			);
			name = Main.storyboard;
			sourceTree = "<group>";
		};
		5529E8B12BB34B6C00061206 /* LaunchScreen.storyboard */ = {
			isa = PBXVariantGroup;
			children = (
				5529E8B22BB34B6C00061206 /* Base */,
			);
			name = LaunchScreen.storyboard;
			sourceTree = "<group>";
		};
/* End PBXVariantGroup section */

/* Begin XCBuildConfiguration section */
		5529E8CB2BB34B6D00061206 /* Debug */ = {
			isa = XCBuildConfiguration;
			buildSettings = {
				ALWAYS_SEARCH_USER_PATHS = NO;
				ASSETCATALOG_COMPILER_GENERATE_SWIFT_ASSET_SYMBOL_EXTENSIONS = YES;
				CLANG_ANALYZER_NONNULL = YES;
				CLANG_ANALYZER_NUMBER_OBJECT_CONVERSION = YES_AGGRESSIVE;
				CLANG_CXX_LANGUAGE_STANDARD = "gnu++20";
				CLANG_ENABLE_MODULES = YES;
				CLANG_ENABLE_OBJC_ARC = YES;
				CLANG_ENABLE_OBJC_WEAK = YES;
				CLANG_WARN_BLOCK_CAPTURE_AUTORELEASING = YES;
				CLANG_WARN_BOOL_CONVERSION = YES;
				CLANG_WARN_COMMA = YES;
				CLANG_WARN_CONSTANT_CONVERSION = YES;
				CLANG_WARN_DEPRECATED_OBJC_IMPLEMENTATIONS = YES;
				CLANG_WARN_DIRECT_OBJC_ISA_USAGE = YES_ERROR;
				CLANG_WARN_DOCUMENTATION_COMMENTS = YES;
				CLANG_WARN_EMPTY_BODY = YES;
				CLANG_WARN_ENUM_CONVERSION = YES;
				CLANG_WARN_INFINITE_RECURSION = YES;
				CLANG_WARN_INT_CONVERSION = YES;
				CLANG_WARN_NON_LITERAL_NULL_CONVERSION = YES;
				CLANG_WARN_OBJC_IMPLICIT_RETAIN_SELF = YES;
				CLANG_WARN_OBJC_LITERAL_CONVERSION = YES;
				CLANG_WARN_OBJC_ROOT_CLASS = YES_ERROR;
				CLANG_WARN_QUOTED_INCLUDE_IN_FRAMEWORK_HEADER = YES;
				CLANG_WARN_RANGE_LOOP_ANALYSIS = YES;
				CLANG_WARN_STRICT_PROTOTYPES = YES;
				CLANG_WARN_SUSPICIOUS_MOVE = YES;
				CLANG_WARN_UNGUARDED_AVAILABILITY = YES_AGGRESSIVE;
				CLANG_WARN_UNREACHABLE_CODE = YES;
				CLANG_WARN__DUPLICATE_METHOD_MATCH = YES;
				COPY_PHASE_STRIP = NO;
				DEBUG_INFORMATION_FORMAT = dwarf;
				ENABLE_STRICT_OBJC_MSGSEND = YES;
				ENABLE_TESTABILITY = YES;
				ENABLE_USER_SCRIPT_SANDBOXING = YES;
				GCC_C_LANGUAGE_STANDARD = gnu17;
				GCC_DYNAMIC_NO_PIC = NO;
				GCC_NO_COMMON_BLOCKS = YES;
				GCC_OPTIMIZATION_LEVEL = 0;
				GCC_PREPROCESSOR_DEFINITIONS = (
					"DEBUG=1",
					"$(inherited)",
				);
				GCC_WARN_64_TO_32_BIT_CONVERSION = YES;
				GCC_WARN_ABOUT_RETURN_TYPE = YES_ERROR;
				GCC_WARN_UNDECLARED_SELECTOR = YES;
				GCC_WARN_UNINITIALIZED_AUTOS = YES_AGGRESSIVE;
				GCC_WARN_UNUSED_FUNCTION = YES;
				GCC_WARN_UNUSED_VARIABLE = YES;
				IPHONEOS_DEPLOYMENT_TARGET = 17.4;
				LOCALIZATION_PREFERS_STRING_CATALOGS = YES;
				MTL_ENABLE_DEBUG_INFO = INCLUDE_SOURCE;
				MTL_FAST_MATH = YES;
				ONLY_ACTIVE_ARCH = YES;
				SDKROOT = iphoneos;
				SWIFT_ACTIVE_COMPILATION_CONDITIONS = "DEBUG $(inherited)";
				SWIFT_OPTIMIZATION_LEVEL = "-Onone";
			};
			name = Debug;
		};
		5529E8CC2BB34B6D00061206 /* Release */ = {
			isa = XCBuildConfiguration;
			buildSettings = {
				ALWAYS_SEARCH_USER_PATHS = NO;
				ASSETCATALOG_COMPILER_GENERATE_SWIFT_ASSET_SYMBOL_EXTENSIONS = YES;
				CLANG_ANALYZER_NONNULL = YES;
				CLANG_ANALYZER_NUMBER_OBJECT_CONVERSION = YES_AGGRESSIVE;
				CLANG_CXX_LANGUAGE_STANDARD = "gnu++20";
				CLANG_ENABLE_MODULES = YES;
				CLANG_ENABLE_OBJC_ARC = YES;
				CLANG_ENABLE_OBJC_WEAK = YES;
				CLANG_WARN_BLOCK_CAPTURE_AUTORELEASING = YES;
				CLANG_WARN_BOOL_CONVERSION = YES;
				CLANG_WARN_COMMA = YES;
				CLANG_WARN_CONSTANT_CONVERSION = YES;
				CLANG_WARN_DEPRECATED_OBJC_IMPLEMENTATIONS = YES;
				CLANG_WARN_DIRECT_OBJC_ISA_USAGE = YES_ERROR;
				CLANG_WARN_DOCUMENTATION_COMMENTS = YES;
				CLANG_WARN_EMPTY_BODY = YES;
				CLANG_WARN_ENUM_CONVERSION = YES;
				CLANG_WARN_INFINITE_RECURSION = YES;
				CLANG_WARN_INT_CONVERSION = YES;
				CLANG_WARN_NON_LITERAL_NULL_CONVERSION = YES;
				CLANG_WARN_OBJC_IMPLICIT_RETAIN_SELF = YES;
				CLANG_WARN_OBJC_LITERAL_CONVERSION = YES;
				CLANG_WARN_OBJC_ROOT_CLASS = YES_ERROR;
				CLANG_WARN_QUOTED_INCLUDE_IN_FRAMEWORK_HEADER = YES;
				CLANG_WARN_RANGE_LOOP_ANALYSIS = YES;
				CLANG_WARN_STRICT_PROTOTYPES = YES;
				CLANG_WARN_SUSPICIOUS_MOVE = YES;
				CLANG_WARN_UNGUARDED_AVAILABILITY = YES_AGGRESSIVE;
				CLANG_WARN_UNREACHABLE_CODE = YES;
				CLANG_WARN__DUPLICATE_METHOD_MATCH = YES;
				COPY_PHASE_STRIP = NO;
				DEBUG_INFORMATION_FORMAT = "dwarf-with-dsym";
				ENABLE_NS_ASSERTIONS = NO;
				ENABLE_STRICT_OBJC_MSGSEND = YES;
				ENABLE_USER_SCRIPT_SANDBOXING = YES;
				GCC_C_LANGUAGE_STANDARD = gnu17;
				GCC_NO_COMMON_BLOCKS = YES;
				GCC_WARN_64_TO_32_BIT_CONVERSION = YES;
				GCC_WARN_ABOUT_RETURN_TYPE = YES_ERROR;
				GCC_WARN_UNDECLARED_SELECTOR = YES;
				GCC_WARN_UNINITIALIZED_AUTOS = YES_AGGRESSIVE;
				GCC_WARN_UNUSED_FUNCTION = YES;
				GCC_WARN_UNUSED_VARIABLE = YES;
				IPHONEOS_DEPLOYMENT_TARGET = 17.4;
				LOCALIZATION_PREFERS_STRING_CATALOGS = YES;
				MTL_ENABLE_DEBUG_INFO = NO;
				MTL_FAST_MATH = YES;
				SDKROOT = iphoneos;
				SWIFT_COMPILATION_MODE = wholemodule;
				VALIDATE_PRODUCT = YES;
			};
			name = Release;
		};
		5529E8CE2BB34B6D00061206 /* Debug */ = {
			isa = XCBuildConfiguration;
			buildSettings = {
				ASSETCATALOG_COMPILER_APPICON_NAME = AppIcon;
				ASSETCATALOG_COMPILER_GLOBAL_ACCENT_COLOR_NAME = AccentColor;
				CODE_SIGN_STYLE = Automatic;
				CURRENT_PROJECT_VERSION = 1;
				DEVELOPMENT_TEAM = 4RWX944952;
				GENERATE_INFOPLIST_FILE = YES;
				INFOPLIST_FILE = "i am poor/Info.plist";
				INFOPLIST_KEY_UIApplicationSupportsIndirectInputEvents = YES;
				INFOPLIST_KEY_UILaunchStoryboardName = LaunchScreen;
				INFOPLIST_KEY_UIMainStoryboardFile = Main;
				INFOPLIST_KEY_UISupportedInterfaceOrientations_iPad = "UIInterfaceOrientationPortrait UIInterfaceOrientationPortraitUpsideDown UIInterfaceOrientationLandscapeLeft UIInterfaceOrientationLandscapeRight";
				INFOPLIST_KEY_UISupportedInterfaceOrientations_iPhone = "UIInterfaceOrientationPortrait UIInterfaceOrientationLandscapeLeft UIInterfaceOrientationLandscapeRight";
				LD_RUNPATH_SEARCH_PATHS = (
					"$(inherited)",
					"@executable_path/Frameworks",
				);
				MARKETING_VERSION = 1.0;
				PRODUCT_BUNDLE_IDENTIFIER = "com.a79c5.i-am-poor";
				PRODUCT_NAME = "$(TARGET_NAME)";
				SWIFT_EMIT_LOC_STRINGS = YES;
				SWIFT_VERSION = 5.0;
				TARGETED_DEVICE_FAMILY = "1,2";
			};
			name = Debug;
		};
		5529E8CF2BB34B6D00061206 /* Release */ = {
			isa = XCBuildConfiguration;
			buildSettings = {
				ASSETCATALOG_COMPILER_APPICON_NAME = AppIcon;
				ASSETCATALOG_COMPILER_GLOBAL_ACCENT_COLOR_NAME = AccentColor;
				CODE_SIGN_STYLE = Automatic;
				CURRENT_PROJECT_VERSION = 1;
				DEVELOPMENT_TEAM = 4RWX944952;
				GENERATE_INFOPLIST_FILE = YES;
				INFOPLIST_FILE = "i am poor/Info.plist";
				INFOPLIST_KEY_UIApplicationSupportsIndirectInputEvents = YES;
				INFOPLIST_KEY_UILaunchStoryboardName = LaunchScreen;
				INFOPLIST_KEY_UIMainStoryboardFile = Main;
				INFOPLIST_KEY_UISupportedInterfaceOrientations_iPad = "UIInterfaceOrientationPortrait UIInterfaceOrientationPortraitUpsideDown UIInterfaceOrientationLandscapeLeft UIInterfaceOrientationLandscapeRight";
				INFOPLIST_KEY_UISupportedInterfaceOrientations_iPhone = "UIInterfaceOrientationPortrait UIInterfaceOrientationLandscapeLeft UIInterfaceOrientationLandscapeRight";
				LD_RUNPATH_SEARCH_PATHS = (
					"$(inherited)",
					"@executable_path/Frameworks",
				);
				MARKETING_VERSION = 1.0;
				PRODUCT_BUNDLE_IDENTIFIER = "com.a79c5.i-am-poor";
				PRODUCT_NAME = "$(TARGET_NAME)";
				SWIFT_EMIT_LOC_STRINGS = YES;
				SWIFT_VERSION = 5.0;
				TARGETED_DEVICE_FAMILY = "1,2";
			};
			name = Release;
		};
		5529E8D12BB34B6D00061206 /* Debug */ = {
			isa = XCBuildConfiguration;
			buildSettings = {
				ALWAYS_EMBED_SWIFT_STANDARD_LIBRARIES = YES;
				BUNDLE_LOADER = "$(TEST_HOST)";
				CODE_SIGN_STYLE = Automatic;
				CURRENT_PROJECT_VERSION = 1;
				GENERATE_INFOPLIST_FILE = YES;
				IPHONEOS_DEPLOYMENT_TARGET = 17.4;
				MARKETING_VERSION = 1.0;
				PRODUCT_BUNDLE_IDENTIFIER = "com.a79c5.i-am-poorTests";
				PRODUCT_NAME = "$(TARGET_NAME)";
				SWIFT_EMIT_LOC_STRINGS = NO;
				SWIFT_VERSION = 5.0;
				TARGETED_DEVICE_FAMILY = "1,2";
				TEST_HOST = "$(BUILT_PRODUCTS_DIR)/i am poor.app/$(BUNDLE_EXECUTABLE_FOLDER_PATH)/i am poor";
			};
			name = Debug;
		};
		5529E8D22BB34B6D00061206 /* Release */ = {
			isa = XCBuildConfiguration;
			buildSettings = {
				ALWAYS_EMBED_SWIFT_STANDARD_LIBRARIES = YES;
				BUNDLE_LOADER = "$(TEST_HOST)";
				CODE_SIGN_STYLE = Automatic;
				CURRENT_PROJECT_VERSION = 1;
				GENERATE_INFOPLIST_FILE = YES;
				IPHONEOS_DEPLOYMENT_TARGET = 17.4;
				MARKETING_VERSION = 1.0;
				PRODUCT_BUNDLE_IDENTIFIER = "com.a79c5.i-am-poorTests";
				PRODUCT_NAME = "$(TARGET_NAME)";
				SWIFT_EMIT_LOC_STRINGS = NO;
				SWIFT_VERSION = 5.0;
				TARGETED_DEVICE_FAMILY = "1,2";
				TEST_HOST = "$(BUILT_PRODUCTS_DIR)/i am poor.app/$(BUNDLE_EXECUTABLE_FOLDER_PATH)/i am poor";
			};
			name = Release;
		};
		5529E8D42BB34B6D00061206 /* Debug */ = {
			isa = XCBuildConfiguration;
			buildSettings = {
				ALWAYS_EMBED_SWIFT_STANDARD_LIBRARIES = YES;
				CODE_SIGN_STYLE = Automatic;
				CURRENT_PROJECT_VERSION = 1;
				GENERATE_INFOPLIST_FILE = YES;
				MARKETING_VERSION = 1.0;
				PRODUCT_BUNDLE_IDENTIFIER = "com.a79c5.i-am-poorUITests";
				PRODUCT_NAME = "$(TARGET_NAME)";
				SWIFT_EMIT_LOC_STRINGS = NO;
				SWIFT_VERSION = 5.0;
				TARGETED_DEVICE_FAMILY = "1,2";
				TEST_TARGET_NAME = "i am poor";
			};
			name = Debug;
		};
		5529E8D52BB34B6D00061206 /* Release */ = {
			isa = XCBuildConfiguration;
			buildSettings = {
				ALWAYS_EMBED_SWIFT_STANDARD_LIBRARIES = YES;
				CODE_SIGN_STYLE = Automatic;
				CURRENT_PROJECT_VERSION = 1;
				GENERATE_INFOPLIST_FILE = YES;
				MARKETING_VERSION = 1.0;
				PRODUCT_BUNDLE_IDENTIFIER = "com.a79c5.i-am-poorUITests";
				PRODUCT_NAME = "$(TARGET_NAME)";
				SWIFT_EMIT_LOC_STRINGS = NO;
				SWIFT_VERSION = 5.0;
				TARGETED_DEVICE_FAMILY = "1,2";
				TEST_TARGET_NAME = "i am poor";
			};
			name = Release;
		};
/* End XCBuildConfiguration section */

/* Begin XCConfigurationList section */
		5529E89E2BB34B6C00061206 /* Build configuration list for PBXProject "i am poor" */ = {
			isa = XCConfigurationList;
			buildConfigurations = (
				5529E8CB2BB34B6D00061206 /* Debug */,
				5529E8CC2BB34B6D00061206 /* Release */,
			);
			defaultConfigurationIsVisible = 0;
			defaultConfigurationName = Release;
		};
		5529E8CD2BB34B6D00061206 /* Build configuration list for PBXNativeTarget "i am poor" */ = {
			isa = XCConfigurationList;
			buildConfigurations = (
				5529E8CE2BB34B6D00061206 /* Debug */,
				5529E8CF2BB34B6D00061206 /* Release */,
			);
			defaultConfigurationIsVisible = 0;
			defaultConfigurationName = Release;
		};
		5529E8D02BB34B6D00061206 /* Build configuration list for PBXNativeTarget "i am poorTests" */ = {
			isa = XCConfigurationList;
			buildConfigurations = (
				5529E8D12BB34B6D00061206 /* Debug */,
				5529E8D22BB34B6D00061206 /* Release */,
			);
			defaultConfigurationIsVisible = 0;
			defaultConfigurationName = Release;
		};
		5529E8D32BB34B6D00061206 /* Build configuration list for PBXNativeTarget "i am poorUITests" */ = {
			isa = XCConfigurationList;
			buildConfigurations = (
				5529E8D42BB34B6D00061206 /* Debug */,
				5529E8D52BB34B6D00061206 /* Release */,
			);
			defaultConfigurationIsVisible = 0;
			defaultConfigurationName = Release;
		};
/* End XCConfigurationList section */
	};
	rootObject = 5529E89B2BB34B6C00061206 /* Project object */;
}
